// !$*UTF8*$!
{
	archiveVersion = 1;
	classes = {
	};
	objectVersion = 46;
	objects = {

/* Begin PBXBuildFile section */
		A58A37F81F5178B30064929B /* main.m in Sources */ = {isa = PBXBuildFile; fileRef = A58A37F71F5178B30064929B /* main.m */; };
		A58A37FB1F5178B30064929B /* AppDelegate.m in Sources */ = {isa = PBXBuildFile; fileRef = A58A37FA1F5178B30064929B /* AppDelegate.m */; };
		A58A37FE1F5178B30064929B /* ViewController.m in Sources */ = {isa = PBXBuildFile; fileRef = A58A37FD1F5178B30064929B /* ViewController.m */; };
		A58A38011F5178B30064929B /* Main.storyboard in Resources */ = {isa = PBXBuildFile; fileRef = A58A37FF1F5178B30064929B /* Main.storyboard */; };
		A58A38031F5178B30064929B /* Assets.xcassets in Resources */ = {isa = PBXBuildFile; fileRef = A58A38021F5178B30064929B /* Assets.xcassets */; };
		A58A38061F5178B30064929B /* LaunchScreen.storyboard in Resources */ = {isa = PBXBuildFile; fileRef = A58A38041F5178B30064929B /* LaunchScreen.storyboard */; };
		A58A380F1F51797B0064929B /* AdditionCalculator.m in Sources */ = {isa = PBXBuildFile; fileRef = A58A380E1F51797B0064929B /* AdditionCalculator.m */; };
		A58A38121F517C8E0064929B /* MASConstraintsMark.m in Sources */ = {isa = PBXBuildFile; fileRef = A58A38111F517C8E0064929B /* MASConstraintsMark.m */; };
/* End PBXBuildFile section */

/* Begin PBXFileReference section */
		A58A37F31F5178B30064929B /* Block--ChainProgram.app */ = {isa = PBXFileReference; explicitFileType = wrapper.application; includeInIndex = 0; path = "Block--ChainProgram.app"; sourceTree = BUILT_PRODUCTS_DIR; };
		A58A37F71F5178B30064929B /* main.m */ = {isa = PBXFileReference; lastKnownFileType = sourcecode.c.objc; path = main.m; sourceTree = "<group>"; };
		A58A37F91F5178B30064929B /* AppDelegate.h */ = {isa = PBXFileReference; lastKnownFileType = sourcecode.c.h; path = AppDelegate.h; sourceTree = "<group>"; };
		A58A37FA1F5178B30064929B /* AppDelegate.m */ = {isa = PBXFileReference; lastKnownFileType = sourcecode.c.objc; path = AppDelegate.m; sourceTree = "<group>"; };
		A58A37FC1F5178B30064929B /* ViewController.h */ = {isa = PBXFileReference; lastKnownFileType = sourcecode.c.h; path = ViewController.h; sourceTree = "<group>"; };
		A58A37FD1F5178B30064929B /* ViewController.m */ = {isa = PBXFileReference; lastKnownFileType = sourcecode.c.objc; path = ViewController.m; sourceTree = "<group>"; };
		A58A38001F5178B30064929B /* Base */ = {isa = PBXFileReference; lastKnownFileType = file.storyboard; name = Base; path = Base.lproj/Main.storyboard; sourceTree = "<group>"; };
		A58A38021F5178B30064929B /* Assets.xcassets */ = {isa = PBXFileReference; lastKnownFileType = folder.assetcatalog; path = Assets.xcassets; sourceTree = "<group>"; };
		A58A38051F5178B30064929B /* Base */ = {isa = PBXFileReference; lastKnownFileType = file.storyboard; name = Base; path = Base.lproj/LaunchScreen.storyboard; sourceTree = "<group>"; };
		A58A38071F5178B30064929B /* Info.plist */ = {isa = PBXFileReference; lastKnownFileType = text.plist.xml; path = Info.plist; sourceTree = "<group>"; };
		A58A380D1F51797B0064929B /* AdditionCalculator.h */ = {isa = PBXFileReference; fileEncoding = 4; lastKnownFileType = sourcecode.c.h; path = AdditionCalculator.h; sourceTree = "<group>"; };
		A58A380E1F51797B0064929B /* AdditionCalculator.m */ = {isa = PBXFileReference; fileEncoding = 4; lastKnownFileType = sourcecode.c.objc; path = AdditionCalculator.m; sourceTree = "<group>"; };
		A58A38101F517C8E0064929B /* MASConstraintsMark.h */ = {isa = PBXFileReference; fileEncoding = 4; lastKnownFileType = sourcecode.c.h; path = MASConstraintsMark.h; sourceTree = "<group>"; };
		A58A38111F517C8E0064929B /* MASConstraintsMark.m */ = {isa = PBXFileReference; fileEncoding = 4; lastKnownFileType = sourcecode.c.objc; path = MASConstraintsMark.m; sourceTree = "<group>"; };
/* End PBXFileReference section */

/* Begin PBXFrameworksBuildPhase section */
		A58A37F01F5178B30064929B /* Frameworks */ = {
			isa = PBXFrameworksBuildPhase;
			buildActionMask = 2147483647;
			files = (
			);
			runOnlyForDeploymentPostprocessing = 0;
		};
/* End PBXFrameworksBuildPhase section */

/* Begin PBXGroup section */
		A58A37EA1F5178B30064929B = {
			isa = PBXGroup;
			children = (
				A58A37F51F5178B30064929B /* Block--ChainProgram */,
				A58A37F41F5178B30064929B /* Products */,
			);
			sourceTree = "<group>";
		};
		A58A37F41F5178B30064929B /* Products */ = {
			isa = PBXGroup;
			children = (
				A58A37F31F5178B30064929B /* Block--ChainProgram.app */,
			);
			name = Products;
			sourceTree = "<group>";
		};
		A58A37F51F5178B30064929B /* Block--ChainProgram */ = {
			isa = PBXGroup;
			children = (
				A58A37F91F5178B30064929B /* AppDelegate.h */,
				A58A37FA1F5178B30064929B /* AppDelegate.m */,
				A58A37FC1F5178B30064929B /* ViewController.h */,
				A58A37FD1F5178B30064929B /* ViewController.m */,
				A58A38101F517C8E0064929B /* MASConstraintsMark.h */,
				A58A38111F517C8E0064929B /* MASConstraintsMark.m */,
				A58A380D1F51797B0064929B /* AdditionCalculator.h */,
				A58A380E1F51797B0064929B /* AdditionCalculator.m */,
				A58A37FF1F5178B30064929B /* Main.storyboard */,
				A58A38021F5178B30064929B /* Assets.xcassets */,
				A58A38041F5178B30064929B /* LaunchScreen.storyboard */,
				A58A38071F5178B30064929B /* Info.plist */,
				A58A37F61F5178B30064929B /* Supporting Files */,
			);
			path = "Block--ChainProgram";
			sourceTree = "<group>";
		};
		A58A37F61F5178B30064929B /* Supporting Files */ = {
			isa = PBXGroup;
			children = (
				A58A37F71F5178B30064929B /* main.m */,
			);
			name = "Supporting Files";
			sourceTree = "<group>";
		};
/* End PBXGroup section */

/* Begin PBXNativeTarget section */
		A58A37F21F5178B30064929B /* Block--ChainProgram */ = {
			isa = PBXNativeTarget;
			buildConfigurationList = A58A380A1F5178B30064929B /* Build configuration list for PBXNativeTarget "Block--ChainProgram" */;
			buildPhases = (
				A58A37EF1F5178B30064929B /* Sources */,
				A58A37F01F5178B30064929B /* Frameworks */,
				A58A37F11F5178B30064929B /* Resources */,
			);
			buildRules = (
			);
			dependencies = (
			);
			name = "Block--ChainProgram";
			productName = "Block--ChainProgram";
			productReference = A58A37F31F5178B30064929B /* Block--ChainProgram.app */;
			productType = "com.apple.product-type.application";
		};
/* End PBXNativeTarget section */

/* Begin PBXProject section */
		A58A37EB1F5178B30064929B /* Project object */ = {
			isa = PBXProject;
			attributes = {
				LastUpgradeCheck = 0830;
				ORGANIZATIONNAME = Jefrl;
				TargetAttributes = {
					A58A37F21F5178B30064929B = {
						CreatedOnToolsVersion = 8.3.3;
						ProvisioningStyle = Automatic;
					};
				};
			};
			buildConfigurationList = A58A37EE1F5178B30064929B /* Build configuration list for PBXProject "Block--ChainProgram" */;
			compatibilityVersion = "Xcode 3.2";
			developmentRegion = English;
			hasScannedForEncodings = 0;
			knownRegions = (
				en,
				Base,
			);
			mainGroup = A58A37EA1F5178B30064929B;
			productRefGroup = A58A37F41F5178B30064929B /* Products */;
			projectDirPath = "";
			projectRoot = "";
			targets = (
				A58A37F21F5178B30064929B /* Block--ChainProgram */,
			);
		};
/* End PBXProject section */

/* Begin PBXResourcesBuildPhase section */
		A58A37F11F5178B30064929B /* Resources */ = {
			isa = PBXResourcesBuildPhase;
			buildActionMask = 2147483647;
			files = (
				A58A38061F5178B30064929B /* LaunchScreen.storyboard in Resources */,
				A58A38031F5178B30064929B /* Assets.xcassets in Resources */,
				A58A38011F5178B30064929B /* Main.storyboard in Resources */,
			);
			runOnlyForDeploymentPostprocessing = 0;
		};
/* End PBXResourcesBuildPhase section */

/* Begin PBXSourcesBuildPhase section */
		A58A37EF1F5178B30064929B /* Sources */ = {
			isa = PBXSourcesBuildPhase;
			buildActionMask = 2147483647;
			files = (
				A58A37FE1F5178B30064929B /* ViewController.m in Sources */,
				A58A380F1F51797B0064929B /* AdditionCalculator.m in Sources */,
				A58A37FB1F5178B30064929B /* AppDelegate.m in Sources */,
				A58A37F81F5178B30064929B /* main.m in Sources */,
				A58A38121F517C8E0064929B /* MASConstraintsMark.m in Sources */,
			);
			runOnlyForDeploymentPostprocessing = 0;
		};
/* End PBXSourcesBuildPhase section */

/* Begin PBXVariantGroup section */
		A58A37FF1F5178B30064929B /* Main.storyboard */ = {
			isa = PBXVariantGroup;
			children = (
				A58A38001F5178B30064929B /* Base */,
			);
			name = Main.storyboard;
			sourceTree = "<group>";
		};
		A58A38041F5178B30064929B /* LaunchScreen.storyboard */ = {
			isa = PBXVariantGroup;
			children = (
				A58A38051F5178B30064929B /* Base */,
			);
			name = LaunchScreen.storyboard;
			sourceTree = "<group>";
		};
/* End PBXVariantGroup section */

/* Begin XCBuildConfiguration section */
		A58A38081F5178B30064929B /* Debug */ = {
			isa = XCBuildConfiguration;
			buildSettings = {
				ALWAYS_SEARCH_USER_PATHS = NO;
				CLANG_ANALYZER_NONNULL = YES;
				CLANG_ANALYZER_NUMBER_OBJECT_CONVERSION = YES_AGGRESSIVE;
				CLANG_CXX_LANGUAGE_STANDARD = "gnu++0x";
				CLANG_CXX_LIBRARY = "libc++";
				CLANG_ENABLE_MODULES = YES;
				CLANG_ENABLE_OBJC_ARC = YES;
				CLANG_WARN_BOOL_CONVERSION = YES;
				CLANG_WARN_CONSTANT_CONVERSION = YES;
				CLANG_WARN_DIRECT_OBJC_ISA_USAGE = YES_ERROR;
				CLANG_WARN_DOCUMENTATION_COMMENTS = YES;
				CLANG_WARN_EMPTY_BODY = YES;
				CLANG_WARN_ENUM_CONVERSION = YES;
				CLANG_WARN_INFINITE_RECURSION = YES;
				CLANG_WARN_INT_CONVERSION = YES;
				CLANG_WARN_OBJC_ROOT_CLASS = YES_ERROR;
				CLANG_WARN_SUSPICIOUS_MOVE = YES;
				CLANG_WARN_UNREACHABLE_CODE = YES;
				CLANG_WARN__DUPLICATE_METHOD_MATCH = YES;
				"CODE_SIGN_IDENTITY[sdk=iphoneos*]" = "iPhone Developer";
				COPY_PHASE_STRIP = NO;
				DEBUG_INFORMATION_FORMAT = dwarf;
				ENABLE_STRICT_OBJC_MSGSEND = YES;
				ENABLE_TESTABILITY = YES;
				GCC_C_LANGUAGE_STANDARD = gnu99;
				GCC_DYNAMIC_NO_PIC = NO;
				GCC_NO_COMMON_BLOCKS = YES;
				GCC_OPTIMIZATION_LEVEL = 0;
				GCC_PREPROCESSOR_DEFINITIONS = (
					"DEBUG=1",
					"$(inherited)",
				);
				GCC_WARN_64_TO_32_BIT_CONVERSION = YES;
				GCC_WARN_ABOUT_RETURN_TYPE = YES_ERROR;
				GCC_WARN_UNDECLARED_SELECTOR = YES;
				GCC_WARN_UNINITIALIZED_AUTOS = YES_AGGRESSIVE;
				GCC_WARN_UNUSED_FUNCTION = YES;
				GCC_WARN_UNUSED_VARIABLE = YES;
				IPHONEOS_DEPLOYMENT_TARGET = 10.3;
				MTL_ENABLE_DEBUG_INFO = YES;
				ONLY_ACTIVE_ARCH = YES;
				SDKROOT = iphoneos;
			};
			name = Debug;
		};
		A58A38091F5178B30064929B /* Release */ = {
			isa = XCBuildConfiguration;
			buildSettings = {
				ALWAYS_SEARCH_USER_PATHS = NO;
				CLANG_ANALYZER_NONNULL = YES;
				CLANG_ANALYZER_NUMBER_OBJECT_CONVERSION = YES_AGGRESSIVE;
				CLANG_CXX_LANGUAGE_STANDARD = "gnu++0x";
				CLANG_CXX_LIBRARY = "libc++";
				CLANG_ENABLE_MODULES = YES;
				CLANG_ENABLE_OBJC_ARC = YES;
				CLANG_WARN_BOOL_CONVERSION = YES;
				CLANG_WARN_CONSTANT_CONVERSION = YES;
				CLANG_WARN_DIRECT_OBJC_ISA_USAGE = YES_ERROR;
				CLANG_WARN_DOCUMENTATION_COMMENTS = YES;
				CLANG_WARN_EMPTY_BODY = YES;
				CLANG_WARN_ENUM_CONVERSION = YES;
				CLANG_WARN_INFINITE_RECURSION = YES;
				CLANG_WARN_INT_CONVERSION = YES;
				CLANG_WARN_OBJC_ROOT_CLASS = YES_ERROR;
				CLANG_WARN_SUSPICIOUS_MOVE = YES;
				CLANG_WARN_UNREACHABLE_CODE = YES;
				CLANG_WARN__DUPLICATE_METHOD_MATCH = YES;
				"CODE_SIGN_IDENTITY[sdk=iphoneos*]" = "iPhone Developer";
				COPY_PHASE_STRIP = NO;
				DEBUG_INFORMATION_FORMAT = "dwarf-with-dsym";
				ENABLE_NS_ASSERTIONS = NO;
				ENABLE_STRICT_OBJC_MSGSEND = YES;
				GCC_C_LANGUAGE_STANDARD = gnu99;
				GCC_NO_COMMON_BLOCKS = YES;
				GCC_WARN_64_TO_32_BIT_CONVERSION = YES;
				GCC_WARN_ABOUT_RETURN_TYPE = YES_ERROR;
				GCC_WARN_UNDECLARED_SELECTOR = YES;
				GCC_WARN_UNINITIALIZED_AUTOS = YES_AGGRESSIVE;
				GCC_WARN_UNUSED_FUNCTION = YES;
				GCC_WARN_UNUSED_VARIABLE = YES;
				IPHONEOS_DEPLOYMENT_TARGET = 10.3;
				MTL_ENABLE_DEBUG_INFO = NO;
				SDKROOT = iphoneos;
				VALIDATE_PRODUCT = YES;
			};
			name = Release;
		};
		A58A380B1F5178B30064929B /* Debug */ = {
			isa = XCBuildConfiguration;
			buildSettings = {
				ASSETCATALOG_COMPILER_APPICON_NAME = AppIcon;
				INFOPLIST_FILE = "Block--ChainProgram/Info.plist";
				LD_RUNPATH_SEARCH_PATHS = "$(inherited) @executable_path/Frameworks";
				PRODUCT_BUNDLE_IDENTIFIER = "hxl33520.Block--ChainProgram";
				PRODUCT_NAME = "$(TARGET_NAME)";
			};
			name = Debug;
		};
		A58A380C1F5178B30064929B /* Release */ = {
			isa = XCBuildConfiguration;
			buildSettings = {
				ASSETCATALOG_COMPILER_APPICON_NAME = AppIcon;
				INFOPLIST_FILE = "Block--ChainProgram/Info.plist";
				LD_RUNPATH_SEARCH_PATHS = "$(inherited) @executable_path/Frameworks";
				PRODUCT_BUNDLE_IDENTIFIER = "hxl33520.Block--ChainProgram";
				PRODUCT_NAME = "$(TARGET_NAME)";
			};
			name = Release;
		};
/* End XCBuildConfiguration section */

/* Begin XCConfigurationList section */
		A58A37EE1F5178B30064929B /* Build configuration list for PBXProject "Block--ChainProgram" */ = {
			isa = XCConfigurationList;
			buildConfigurations = (
				A58A38081F5178B30064929B /* Debug */,
				A58A38091F5178B30064929B /* Release */,
			);
			defaultConfigurationIsVisible = 0;
			defaultConfigurationName = Release;
		};
		A58A380A1F5178B30064929B /* Build configuration list for PBXNativeTarget "Block--ChainProgram" */ = {
			isa = XCConfigurationList;
			buildConfigurations = (
				A58A380B1F5178B30064929B /* Debug */,
				A58A380C1F5178B30064929B /* Release */,
			);
			defaultConfigurationIsVisible = 0;
		};
/* End XCConfigurationList section */
	};
	rootObject = A58A37EB1F5178B30064929B /* Project object */;
}
